{
  "requires": true,
  "lockfileVersion": 1,
  "dependencies": {
    "qiniu-js": {
      "version": "2.5.5",
      "resolved": "https://registry.npmjs.org/qiniu-js/-/qiniu-js-2.5.5.tgz",
      "integrity": "sha512-cJcdZMCfU4OJirjCzKJwPXSgrXF0INB2qtqA6ImNBe2PJFqi8kWE7rp3qr1RKH0H4OTtPOXyBC2FVSl/zM7ERg=="
    }
  }
}
